// !$*UTF8*$!
{
	archiveVersion = 1;
	classes = {
	};
	objectVersion = 46;
	objects = {

/* Begin PBXBuildFile section */
		55049E1919E65D4500339B2C /* Foundation.framework in Frameworks */ = {isa = PBXBuildFile; fileRef = 55049E1819E65D4500339B2C /* Foundation.framework */; };
		55049E1B19E65D4500339B2C /* CoreGraphics.framework in Frameworks */ = {isa = PBXBuildFile; fileRef = 55049E1A19E65D4500339B2C /* CoreGraphics.framework */; };
		55049E1D19E65D4500339B2C /* UIKit.framework in Frameworks */ = {isa = PBXBuildFile; fileRef = 55049E1C19E65D4500339B2C /* UIKit.framework */; };
		55049E2319E65D4500339B2C /* InfoPlist.strings in Resources */ = {isa = PBXBuildFile; fileRef = 55049E2119E65D4500339B2C /* InfoPlist.strings */; };
		55049E2519E65D4500339B2C /* main.m in Sources */ = {isa = PBXBuildFile; fileRef = 55049E2419E65D4500339B2C /* main.m */; };
		55049E2919E65D4500339B2C /* AppDelegate.m in Sources */ = {isa = PBXBuildFile; fileRef = 55049E2819E65D4500339B2C /* AppDelegate.m */; };
		55049E2C19E65D4500339B2C /* Main_iPhone.storyboard in Resources */ = {isa = PBXBuildFile; fileRef = 55049E2A19E65D4500339B2C /* Main_iPhone.storyboard */; };
		55049E2F19E65D4500339B2C /* Main_iPad.storyboard in Resources */ = {isa = PBXBuildFile; fileRef = 55049E2D19E65D4500339B2C /* Main_iPad.storyboard */; };
		55049E3219E65D4500339B2C /* ViewController.m in Sources */ = {isa = PBXBuildFile; fileRef = 55049E3119E65D4500339B2C /* ViewController.m */; };
		55049E3419E65D4500339B2C /* Images.xcassets in Resources */ = {isa = PBXBuildFile; fileRef = 55049E3319E65D4500339B2C /* Images.xcassets */; };
		55049E3B19E65D4500339B2C /* XCTest.framework in Frameworks */ = {isa = PBXBuildFile; fileRef = 55049E3A19E65D4500339B2C /* XCTest.framework */; };
		55049E3C19E65D4500339B2C /* Foundation.framework in Frameworks */ = {isa = PBXBuildFile; fileRef = 55049E1819E65D4500339B2C /* Foundation.framework */; };
		55049E3D19E65D4500339B2C /* UIKit.framework in Frameworks */ = {isa = PBXBuildFile; fileRef = 55049E1C19E65D4500339B2C /* UIKit.framework */; };
		55049E4519E65D4500339B2C /* InfoPlist.strings in Resources */ = {isa = PBXBuildFile; fileRef = 55049E4319E65D4500339B2C /* InfoPlist.strings */; };
		55049E4719E65D4500339B2C /* TouchTest2Tests.m in Sources */ = {isa = PBXBuildFile; fileRef = 55049E4619E65D4500339B2C /* TouchTest2Tests.m */; };
		551C154019EE45A700DE48ED /* TouchView.m in Sources */ = {isa = PBXBuildFile; fileRef = 551C153F19EE45A700DE48ED /* TouchView.m */; };
/* End PBXBuildFile section */

/* Begin PBXContainerItemProxy section */
		55049E3E19E65D4500339B2C /* PBXContainerItemProxy */ = {
			isa = PBXContainerItemProxy;
			containerPortal = 55049E0D19E65D4500339B2C /* Project object */;
			proxyType = 1;
			remoteGlobalIDString = 55049E1419E65D4500339B2C;
			remoteInfo = TouchTest2;
		};
/* End PBXContainerItemProxy section */

/* Begin PBXFileReference section */
		55049E1519E65D4500339B2C /* TouchTestiPad.app */ = {isa = PBXFileReference; explicitFileType = wrapper.application; includeInIndex = 0; path = TouchTestiPad.app; sourceTree = BUILT_PRODUCTS_DIR; };
		55049E1819E65D4500339B2C /* Foundation.framework */ = {isa = PBXFileReference; lastKnownFileType = wrapper.framework; name = Foundation.framework; path = System/Library/Frameworks/Foundation.framework; sourceTree = SDKROOT; };
		55049E1A19E65D4500339B2C /* CoreGraphics.framework */ = {isa = PBXFileReference; lastKnownFileType = wrapper.framework; name = CoreGraphics.framework; path = System/Library/Frameworks/CoreGraphics.framework; sourceTree = SDKROOT; };
		55049E1C19E65D4500339B2C /* UIKit.framework */ = {isa = PBXFileReference; lastKnownFileType = wrapper.framework; name = UIKit.framework; path = System/Library/Frameworks/UIKit.framework; sourceTree = SDKROOT; };
		55049E2019E65D4500339B2C /* TouchTestiPad-Info.plist */ = {isa = PBXFileReference; lastKnownFileType = text.plist.xml; path = "TouchTestiPad-Info.plist"; sourceTree = "<group>"; };
		55049E2219E65D4500339B2C /* en */ = {isa = PBXFileReference; lastKnownFileType = text.plist.strings; name = en; path = en.lproj/InfoPlist.strings; sourceTree = "<group>"; };
		55049E2419E65D4500339B2C /* main.m */ = {isa = PBXFileReference; lastKnownFileType = sourcecode.c.objc; path = main.m; sourceTree = "<group>"; };
		55049E2619E65D4500339B2C /* TouchTestiPad-Prefix.pch */ = {isa = PBXFileReference; lastKnownFileType = sourcecode.c.h; path = "TouchTestiPad-Prefix.pch"; sourceTree = "<group>"; };
		55049E2719E65D4500339B2C /* AppDelegate.h */ = {isa = PBXFileReference; lastKnownFileType = sourcecode.c.h; path = AppDelegate.h; sourceTree = "<group>"; };
		55049E2819E65D4500339B2C /* AppDelegate.m */ = {isa = PBXFileReference; lastKnownFileType = sourcecode.c.objc; path = AppDelegate.m; sourceTree = "<group>"; };
		55049E2B19E65D4500339B2C /* Base */ = {isa = PBXFileReference; lastKnownFileType = file.storyboard; name = Base; path = Base.lproj/Main_iPhone.storyboard; sourceTree = "<group>"; };
		55049E2E19E65D4500339B2C /* Base */ = {isa = PBXFileReference; lastKnownFileType = file.storyboard; name = Base; path = Base.lproj/Main_iPad.storyboard; sourceTree = "<group>"; };
		55049E3019E65D4500339B2C /* ViewController.h */ = {isa = PBXFileReference; lastKnownFileType = sourcecode.c.h; path = ViewController.h; sourceTree = "<group>"; };
		55049E3119E65D4500339B2C /* ViewController.m */ = {isa = PBXFileReference; lastKnownFileType = sourcecode.c.objc; path = ViewController.m; sourceTree = "<group>"; };
		55049E3319E65D4500339B2C /* Images.xcassets */ = {isa = PBXFileReference; lastKnownFileType = folder.assetcatalog; path = Images.xcassets; sourceTree = "<group>"; };
		55049E3919E65D4500339B2C /* TouchTestiPadTests.xctest */ = {isa = PBXFileReference; explicitFileType = wrapper.cfbundle; includeInIndex = 0; path = TouchTestiPadTests.xctest; sourceTree = BUILT_PRODUCTS_DIR; };
		55049E3A19E65D4500339B2C /* XCTest.framework */ = {isa = PBXFileReference; lastKnownFileType = wrapper.framework; name = XCTest.framework; path = Library/Frameworks/XCTest.framework; sourceTree = DEVELOPER_DIR; };
		55049E4219E65D4500339B2C /* TouchTestiPadTests-Info.plist */ = {isa = PBXFileReference; lastKnownFileType = text.plist.xml; path = "TouchTestiPadTests-Info.plist"; sourceTree = "<group>"; };
		55049E4419E65D4500339B2C /* en */ = {isa = PBXFileReference; lastKnownFileType = text.plist.strings; name = en; path = en.lproj/InfoPlist.strings; sourceTree = "<group>"; };
		55049E4619E65D4500339B2C /* TouchTest2Tests.m */ = {isa = PBXFileReference; lastKnownFileType = sourcecode.c.objc; path = TouchTest2Tests.m; sourceTree = "<group>"; };
		551C153E19EE45A700DE48ED /* TouchView.h */ = {isa = PBXFileReference; fileEncoding = 4; lastKnownFileType = sourcecode.c.h; path = TouchView.h; sourceTree = "<group>"; };
		551C153F19EE45A700DE48ED /* TouchView.m */ = {isa = PBXFileReference; fileEncoding = 4; lastKnownFileType = sourcecode.c.objc; path = TouchView.m; sourceTree = "<group>"; };
/* End PBXFileReference section */

/* Begin PBXFrameworksBuildPhase section */
		55049E1219E65D4500339B2C /* Frameworks */ = {
			isa = PBXFrameworksBuildPhase;
			buildActionMask = 2147483647;
			files = (
				55049E1B19E65D4500339B2C /* CoreGraphics.framework in Frameworks */,
				55049E1D19E65D4500339B2C /* UIKit.framework in Frameworks */,
				55049E1919E65D4500339B2C /* Foundation.framework in Frameworks */,
			);
			runOnlyForDeploymentPostprocessing = 0;
		};
		55049E3619E65D4500339B2C /* Frameworks */ = {
			isa = PBXFrameworksBuildPhase;
			buildActionMask = 2147483647;
			files = (
				55049E3B19E65D4500339B2C /* XCTest.framework in Frameworks */,
				55049E3D19E65D4500339B2C /* UIKit.framework in Frameworks */,
				55049E3C19E65D4500339B2C /* Foundation.framework in Frameworks */,
			);
			runOnlyForDeploymentPostprocessing = 0;
		};
/* End PBXFrameworksBuildPhase section */

/* Begin PBXGroup section */
		55049E0C19E65D4500339B2C = {
			isa = PBXGroup;
			children = (
				55049E1E19E65D4500339B2C /* TouchTest2 */,
				55049E4019E65D4500339B2C /* TouchTest2Tests */,
				55049E1719E65D4500339B2C /* Frameworks */,
				55049E1619E65D4500339B2C /* Products */,
			);
			sourceTree = "<group>";
		};
		55049E1619E65D4500339B2C /* Products */ = {
			isa = PBXGroup;
			children = (
				55049E1519E65D4500339B2C /* TouchTestiPad.app */,
				55049E3919E65D4500339B2C /* TouchTestiPadTests.xctest */,
			);
			name = Products;
			sourceTree = "<group>";
		};
		55049E1719E65D4500339B2C /* Frameworks */ = {
			isa = PBXGroup;
			children = (
				55049E1819E65D4500339B2C /* Foundation.framework */,
				55049E1A19E65D4500339B2C /* CoreGraphics.framework */,
				55049E1C19E65D4500339B2C /* UIKit.framework */,
				55049E3A19E65D4500339B2C /* XCTest.framework */,
			);
			name = Frameworks;
			sourceTree = "<group>";
		};
		55049E1E19E65D4500339B2C /* TouchTest2 */ = {
			isa = PBXGroup;
			children = (
				55049E2719E65D4500339B2C /* AppDelegate.h */,
				55049E2819E65D4500339B2C /* AppDelegate.m */,
				55049E2A19E65D4500339B2C /* Main_iPhone.storyboard */,
				55049E2D19E65D4500339B2C /* Main_iPad.storyboard */,
				55049E3019E65D4500339B2C /* ViewController.h */,
				55049E3119E65D4500339B2C /* ViewController.m */,
				551C153E19EE45A700DE48ED /* TouchView.h */,
				551C153F19EE45A700DE48ED /* TouchView.m */,
				55049E3319E65D4500339B2C /* Images.xcassets */,
				55049E1F19E65D4500339B2C /* Supporting Files */,
			);
			path = TouchTest2;
			sourceTree = "<group>";
		};
		55049E1F19E65D4500339B2C /* Supporting Files */ = {
			isa = PBXGroup;
			children = (
				55049E2019E65D4500339B2C /* TouchTestiPad-Info.plist */,
				55049E2119E65D4500339B2C /* InfoPlist.strings */,
				55049E2419E65D4500339B2C /* main.m */,
				55049E2619E65D4500339B2C /* TouchTestiPad-Prefix.pch */,
			);
			name = "Supporting Files";
			sourceTree = "<group>";
		};
		55049E4019E65D4500339B2C /* TouchTest2Tests */ = {
			isa = PBXGroup;
			children = (
				55049E4619E65D4500339B2C /* TouchTest2Tests.m */,
				55049E4119E65D4500339B2C /* Supporting Files */,
			);
			path = TouchTest2Tests;
			sourceTree = "<group>";
		};
		55049E4119E65D4500339B2C /* Supporting Files */ = {
			isa = PBXGroup;
			children = (
				55049E4219E65D4500339B2C /* TouchTestiPadTests-Info.plist */,
				55049E4319E65D4500339B2C /* InfoPlist.strings */,
			);
			name = "Supporting Files";
			sourceTree = "<group>";
		};
/* End PBXGroup section */

/* Begin PBXNativeTarget section */
		55049E1419E65D4500339B2C /* TouchTestiPad */ = {
			isa = PBXNativeTarget;
			buildConfigurationList = 55049E4A19E65D4500339B2C /* Build configuration list for PBXNativeTarget "TouchTestiPad" */;
			buildPhases = (
				55049E1119E65D4500339B2C /* Sources */,
				55049E1219E65D4500339B2C /* Frameworks */,
				55049E1319E65D4500339B2C /* Resources */,
			);
			buildRules = (
			);
			dependencies = (
			);
			name = TouchTestiPad;
			productName = TouchTest2;
			productReference = 55049E1519E65D4500339B2C /* TouchTestiPad.app */;
			productType = "com.apple.product-type.application";
		};
		55049E3819E65D4500339B2C /* TouchTestiPadTests */ = {
			isa = PBXNativeTarget;
			buildConfigurationList = 55049E4D19E65D4500339B2C /* Build configuration list for PBXNativeTarget "TouchTestiPadTests" */;
			buildPhases = (
				55049E3519E65D4500339B2C /* Sources */,
				55049E3619E65D4500339B2C /* Frameworks */,
				55049E3719E65D4500339B2C /* Resources */,
			);
			buildRules = (
			);
			dependencies = (
				55049E3F19E65D4500339B2C /* PBXTargetDependency */,
			);
			name = TouchTestiPadTests;
			productName = TouchTest2Tests;
			productReference = 55049E3919E65D4500339B2C /* TouchTestiPadTests.xctest */;
			productType = "com.apple.product-type.bundle.unit-test";
		};
/* End PBXNativeTarget section */

/* Begin PBXProject section */
		55049E0D19E65D4500339B2C /* Project object */ = {
			isa = PBXProject;
			attributes = {
				LastUpgradeCheck = 0510;
				ORGANIZATIONNAME = "池田昂平";
				TargetAttributes = {
					55049E1419E65D4500339B2C = {
						DevelopmentTeam = 64LEQXTB98;
					};
					55049E3819E65D4500339B2C = {
						TestTargetID = 55049E1419E65D4500339B2C;
					};
				};
			};
			buildConfigurationList = 55049E1019E65D4500339B2C /* Build configuration list for PBXProject "TouchTestiPad" */;
			compatibilityVersion = "Xcode 3.2";
			developmentRegion = English;
			hasScannedForEncodings = 0;
			knownRegions = (
				en,
				Base,
			);
			mainGroup = 55049E0C19E65D4500339B2C;
			productRefGroup = 55049E1619E65D4500339B2C /* Products */;
			projectDirPath = "";
			projectRoot = "";
			targets = (
				55049E1419E65D4500339B2C /* TouchTestiPad */,
				55049E3819E65D4500339B2C /* TouchTestiPadTests */,
			);
		};
/* End PBXProject section */

/* Begin PBXResourcesBuildPhase section */
		55049E1319E65D4500339B2C /* Resources */ = {
			isa = PBXResourcesBuildPhase;
			buildActionMask = 2147483647;
			files = (
				55049E2F19E65D4500339B2C /* Main_iPad.storyboard in Resources */,
				55049E3419E65D4500339B2C /* Images.xcassets in Resources */,
				55049E2C19E65D4500339B2C /* Main_iPhone.storyboard in Resources */,
				55049E2319E65D4500339B2C /* InfoPlist.strings in Resources */,
			);
			runOnlyForDeploymentPostprocessing = 0;
		};
		55049E3719E65D4500339B2C /* Resources */ = {
			isa = PBXResourcesBuildPhase;
			buildActionMask = 2147483647;
			files = (
				55049E4519E65D4500339B2C /* InfoPlist.strings in Resources */,
			);
			runOnlyForDeploymentPostprocessing = 0;
		};
/* End PBXResourcesBuildPhase section */

/* Begin PBXSourcesBuildPhase section */
		55049E1119E65D4500339B2C /* Sources */ = {
			isa = PBXSourcesBuildPhase;
			buildActionMask = 2147483647;
			files = (
				551C154019EE45A700DE48ED /* TouchView.m in Sources */,
				55049E3219E65D4500339B2C /* ViewController.m in Sources */,
				55049E2919E65D4500339B2C /* AppDelegate.m in Sources */,
				55049E2519E65D4500339B2C /* main.m in Sources */,
			);
			runOnlyForDeploymentPostprocessing = 0;
		};
		55049E3519E65D4500339B2C /* Sources */ = {
			isa = PBXSourcesBuildPhase;
			buildActionMask = 2147483647;
			files = (
				55049E4719E65D4500339B2C /* TouchTest2Tests.m in Sources */,
			);
			runOnlyForDeploymentPostprocessing = 0;
		};
/* End PBXSourcesBuildPhase section */

/* Begin PBXTargetDependency section */
		55049E3F19E65D4500339B2C /* PBXTargetDependency */ = {
			isa = PBXTargetDependency;
			target = 55049E1419E65D4500339B2C /* TouchTestiPad */;
			targetProxy = 55049E3E19E65D4500339B2C /* PBXContainerItemProxy */;
		};
/* End PBXTargetDependency section */

/* Begin PBXVariantGroup section */
		55049E2119E65D4500339B2C /* InfoPlist.strings */ = {
			isa = PBXVariantGroup;
			children = (
				55049E2219E65D4500339B2C /* en */,
			);
			name = InfoPlist.strings;
			sourceTree = "<group>";
		};
		55049E2A19E65D4500339B2C /* Main_iPhone.storyboard */ = {
			isa = PBXVariantGroup;
			children = (
				55049E2B19E65D4500339B2C /* Base */,
			);
			name = Main_iPhone.storyboard;
			sourceTree = "<group>";
		};
		55049E2D19E65D4500339B2C /* Main_iPad.storyboard */ = {
			isa = PBXVariantGroup;
			children = (
				55049E2E19E65D4500339B2C /* Base */,
			);
			name = Main_iPad.storyboard;
			sourceTree = "<group>";
		};
		55049E4319E65D4500339B2C /* InfoPlist.strings */ = {
			isa = PBXVariantGroup;
			children = (
				55049E4419E65D4500339B2C /* en */,
			);
			name = InfoPlist.strings;
			sourceTree = "<group>";
		};
/* End PBXVariantGroup section */

/* Begin XCBuildConfiguration section */
		55049E4819E65D4500339B2C /* Debug */ = {
			isa = XCBuildConfiguration;
			buildSettings = {
				ALWAYS_SEARCH_USER_PATHS = NO;
				CLANG_CXX_LANGUAGE_STANDARD = "gnu++0x";
				CLANG_CXX_LIBRARY = "libc++";
				CLANG_ENABLE_MODULES = YES;
				CLANG_ENABLE_OBJC_ARC = YES;
				CLANG_WARN_BOOL_CONVERSION = YES;
				CLANG_WARN_CONSTANT_CONVERSION = YES;
				CLANG_WARN_DIRECT_OBJC_ISA_USAGE = YES_ERROR;
				CLANG_WARN_EMPTY_BODY = YES;
				CLANG_WARN_ENUM_CONVERSION = YES;
				CLANG_WARN_INT_CONVERSION = YES;
				CLANG_WARN_OBJC_ROOT_CLASS = YES_ERROR;
				CLANG_WARN__DUPLICATE_METHOD_MATCH = YES;
				CODE_SIGN_IDENTITY = "iPhone Developer: 昂平 池田 (Q7CD2W8ZPP)";
				"CODE_SIGN_IDENTITY[sdk=iphoneos*]" = "iPhone Developer";
				COPY_PHASE_STRIP = NO;
				GCC_C_LANGUAGE_STANDARD = gnu99;
				GCC_DYNAMIC_NO_PIC = NO;
				GCC_OPTIMIZATION_LEVEL = 0;
				GCC_PREPROCESSOR_DEFINITIONS = (
					"DEBUG=1",
					"$(inherited)",
				);
				GCC_SYMBOLS_PRIVATE_EXTERN = NO;
				GCC_WARN_64_TO_32_BIT_CONVERSION = YES;
				GCC_WARN_ABOUT_RETURN_TYPE = YES_ERROR;
				GCC_WARN_UNDECLARED_SELECTOR = YES;
				GCC_WARN_UNINITIALIZED_AUTOS = YES_AGGRESSIVE;
				GCC_WARN_UNUSED_FUNCTION = YES;
				GCC_WARN_UNUSED_VARIABLE = YES;
				IPHONEOS_DEPLOYMENT_TARGET = 7.1;
				ONLY_ACTIVE_ARCH = YES;
				PROVISIONING_PROFILE = "e7ca5d1d-8089-4a38-a191-b9d755687cf1";
				SDKROOT = iphoneos;
				TARGETED_DEVICE_FAMILY = "1,2";
			};
			name = Debug;
		};
		55049E4919E65D4500339B2C /* Release */ = {
			isa = XCBuildConfiguration;
			buildSettings = {
				ALWAYS_SEARCH_USER_PATHS = NO;
				CLANG_CXX_LANGUAGE_STANDARD = "gnu++0x";
				CLANG_CXX_LIBRARY = "libc++";
				CLANG_ENABLE_MODULES = YES;
				CLANG_ENABLE_OBJC_ARC = YES;
				CLANG_WARN_BOOL_CONVERSION = YES;
				CLANG_WARN_CONSTANT_CONVERSION = YES;
				CLANG_WARN_DIRECT_OBJC_ISA_USAGE = YES_ERROR;
				CLANG_WARN_EMPTY_BODY = YES;
				CLANG_WARN_ENUM_CONVERSION = YES;
				CLANG_WARN_INT_CONVERSION = YES;
				CLANG_WARN_OBJC_ROOT_CLASS = YES_ERROR;
				CLANG_WARN__DUPLICATE_METHOD_MATCH = YES;
				CODE_SIGN_IDENTITY = "iPhone Developer: 昂平 池田 (Q7CD2W8ZPP)";
				"CODE_SIGN_IDENTITY[sdk=iphoneos*]" = "iPhone Developer";
				COPY_PHASE_STRIP = YES;
				ENABLE_NS_ASSERTIONS = NO;
				GCC_C_LANGUAGE_STANDARD = gnu99;
				GCC_WARN_64_TO_32_BIT_CONVERSION = YES;
				GCC_WARN_ABOUT_RETURN_TYPE = YES_ERROR;
				GCC_WARN_UNDECLARED_SELECTOR = YES;
				GCC_WARN_UNINITIALIZED_AUTOS = YES_AGGRESSIVE;
				GCC_WARN_UNUSED_FUNCTION = YES;
				GCC_WARN_UNUSED_VARIABLE = YES;
				IPHONEOS_DEPLOYMENT_TARGET = 7.1;
				PROVISIONING_PROFILE = "e7ca5d1d-8089-4a38-a191-b9d755687cf1";
				SDKROOT = iphoneos;
				TARGETED_DEVICE_FAMILY = "1,2";
				VALIDATE_PRODUCT = YES;
			};
			name = Release;
		};
		55049E4B19E65D4500339B2C /* Debug */ = {
			isa = XCBuildConfiguration;
			buildSettings = {
				ASSETCATALOG_COMPILER_APPICON_NAME = AppIcon;
				ASSETCATALOG_COMPILER_LAUNCHIMAGE_NAME = LaunchImage;
				CODE_SIGN_IDENTITY = "iPhone Developer";
				"CODE_SIGN_IDENTITY[sdk=iphoneos*]" = "iPhone Developer";
				GCC_PRECOMPILE_PREFIX_HEADER = YES;
				GCC_PREFIX_HEADER = "TouchTest2/TouchTestiPad-Prefix.pch";
				INFOPLIST_FILE = "TouchTest2/TouchTestiPad-Info.plist";
				IPHONEOS_DEPLOYMENT_TARGET = 8.0;
				PRODUCT_NAME = TouchTestiPad;
				PROVISIONING_PROFILE = "";
				WRAPPER_EXTENSION = app;
			};
			name = Debug;
		};
		55049E4C19E65D4500339B2C /* Release */ = {
			isa = XCBuildConfiguration;
			buildSettings = {
				ASSETCATALOG_COMPILER_APPICON_NAME = AppIcon;
				ASSETCATALOG_COMPILER_LAUNCHIMAGE_NAME = LaunchImage;
				CODE_SIGN_IDENTITY = "iPhone Developer";
				"CODE_SIGN_IDENTITY[sdk=iphoneos*]" = "iPhone Developer";
				GCC_PRECOMPILE_PREFIX_HEADER = YES;
				GCC_PREFIX_HEADER = "TouchTest2/TouchTestiPad-Prefix.pch";
				INFOPLIST_FILE = "TouchTest2/TouchTestiPad-Info.plist";
				IPHONEOS_DEPLOYMENT_TARGET = 8.0;
				PRODUCT_NAME = TouchTestiPad;
				PROVISIONING_PROFILE = "";
				WRAPPER_EXTENSION = app;
			};
			name = Release;
		};
		55049E4E19E65D4500339B2C /* Debug */ = {
			isa = XCBuildConfiguration;
			buildSettings = {
				BUNDLE_LOADER = "$(BUILT_PRODUCTS_DIR)/TouchTest2.app/TouchTest2";
				FRAMEWORK_SEARCH_PATHS = (
					"$(SDKROOT)/Developer/Library/Frameworks",
					"$(inherited)",
					"$(DEVELOPER_FRAMEWORKS_DIR)",
				);
				GCC_PRECOMPILE_PREFIX_HEADER = YES;
				GCC_PREFIX_HEADER = "TouchTest2/TouchTest2-Prefix.pch";
				GCC_PREPROCESSOR_DEFINITIONS = (
					"DEBUG=1",
					"$(inherited)",
				);
				INFOPLIST_FILE = "TouchTest2Tests/TouchTestiPadTests-Info.plist";
				PRODUCT_NAME = TouchTestiPadTests;
				TEST_HOST = "$(BUNDLE_LOADER)";
				WRAPPER_EXTENSION = xctest;
			};
			name = Debug;
		};
		55049E4F19E65D4500339B2C /* Release */ = {
			isa = XCBuildConfiguration;
			buildSettings = {
				BUNDLE_LOADER = "$(BUILT_PRODUCTS_DIR)/TouchTest2.app/TouchTest2";
				FRAMEWORK_SEARCH_PATHS = (
					"$(SDKROOT)/Developer/Library/Frameworks",
					"$(inherited)",
					"$(DEVELOPER_FRAMEWORKS_DIR)",
				);
				GCC_PRECOMPILE_PREFIX_HEADER = YES;
				GCC_PREFIX_HEADER = "TouchTest2/TouchTest2-Prefix.pch";
				INFOPLIST_FILE = "TouchTest2Tests/TouchTestiPadTests-Info.plist";
				PRODUCT_NAME = TouchTestiPadTests;
				TEST_HOST = "$(BUNDLE_LOADER)";
				WRAPPER_EXTENSION = xctest;
			};
			name = Release;
		};
/* End XCBuildConfiguration section */

/* Begin XCConfigurationList section */
		55049E1019E65D4500339B2C /* Build configuration list for PBXProject "TouchTestiPad" */ = {
			isa = XCConfigurationList;
			buildConfigurations = (
				55049E4819E65D4500339B2C /* Debug */,
				55049E4919E65D4500339B2C /* Release */,
			);
			defaultConfigurationIsVisible = 0;
			defaultConfigurationName = Release;
		};
		55049E4A19E65D4500339B2C /* Build configuration list for PBXNativeTarget "TouchTestiPad" */ = {
			isa = XCConfigurationList;
			buildConfigurations = (
				55049E4B19E65D4500339B2C /* Debug */,
				55049E4C19E65D4500339B2C /* Release */,
			);
			defaultConfigurationIsVisible = 0;
			defaultConfigurationName = Release;
		};
		55049E4D19E65D4500339B2C /* Build configuration list for PBXNativeTarget "TouchTestiPadTests" */ = {
			isa = XCConfigurationList;
			buildConfigurations = (
				55049E4E19E65D4500339B2C /* Debug */,
				55049E4F19E65D4500339B2C /* Release */,
			);
			defaultConfigurationIsVisible = 0;
			defaultConfigurationName = Release;
		};
/* End XCConfigurationList section */
	};
	rootObject = 55049E0D19E65D4500339B2C /* Project object */;
}
